
Microsoft Visual Studio Solution File, Format Version 12.00
# Visual Studio 15
VisualStudioVersion = 15.0.28010.2019
MinimumVisualStudioVersion = 10.0.40219.1
Project("{FAE04EC0-301F-11D3-BF4B-00C04F79EFBC}") = "CornerStore.Android", "CornerStore\CornerStore.Android\CornerStore.Android.csproj", "{26F2E4CE-2444-45C4-A1FA-1B1A86735A99}"
EndProject
Project("{FAE04EC0-301F-11D3-BF4B-00C04F79EFBC}") = "CornerStore.iOS", "CornerStore\CornerStore.iOS\CornerStore.iOS.csproj", "{E8A66876-8B6D-42EB-8969-C6E3077EEBEA}"
EndProject
Project("{FAE04EC0-301F-11D3-BF4B-00C04F79EFBC}") = "CornerStore", "CornerStore\CornerStore\CornerStore.csproj", "{F55F7C8D-28D1-4545-A046-828EF4A3FF7F}"
EndProject
Global
	GlobalSection(SolutionConfigurationPlatforms) = preSolution
		Ad-Hoc|Any CPU = Ad-Hoc|Any CPU
		Ad-Hoc|iPhone = Ad-Hoc|iPhone
		Ad-Hoc|iPhoneSimulator = Ad-Hoc|iPhoneSimulator
		AppStore|Any CPU = AppStore|Any CPU
		AppStore|iPhone = AppStore|iPhone
		AppStore|iPhoneSimulator = AppStore|iPhoneSimulator
		Debug|Any CPU = Debug|Any CPU
		Debug|iPhone = Debug|iPhone
		Debug|iPhoneSimulator = Debug|iPhoneSimulator
		Release|Any CPU = Release|Any CPU
		Release|iPhone = Release|iPhone
		Release|iPhoneSimulator = Release|iPhoneSimulator
	EndGlobalSection
	GlobalSection(ProjectConfigurationPlatforms) = postSolution
		{26F2E4CE-2444-45C4-A1FA-1B1A86735A99}.Ad-Hoc|Any CPU.ActiveCfg = Release|Any CPU
		{26F2E4CE-2444-45C4-A1FA-1B1A86735A99}.Ad-Hoc|Any CPU.Build.0 = Release|Any CPU
		{26F2E4CE-2444-45C4-A1FA-1B1A86735A99}.Ad-Hoc|Any CPU.Deploy.0 = Release|Any CPU
		{26F2E4CE-2444-45C4-A1FA-1B1A86735A99}.Ad-Hoc|iPhone.ActiveCfg = Release|Any CPU
		{26F2E4CE-2444-45C4-A1FA-1B1A86735A99}.Ad-Hoc|iPhone.Build.0 = Release|Any CPU
		{26F2E4CE-2444-45C4-A1FA-1B1A86735A99}.Ad-Hoc|iPhone.Deploy.0 = Release|Any CPU
		{26F2E4CE-2444-45C4-A1FA-1B1A86735A99}.Ad-Hoc|iPhoneSimulator.ActiveCfg = Release|Any CPU
		{26F2E4CE-2444-45C4-A1FA-1B1A86735A99}.Ad-Hoc|iPhoneSimulator.Build.0 = Release|Any CPU
		{26F2E4CE-2444-45C4-A1FA-1B1A86735A99}.Ad-Hoc|iPhoneSimulator.Deploy.0 = Release|Any CPU
		{26F2E4CE-2444-45C4-A1FA-1B1A86735A99}.AppStore|Any CPU.ActiveCfg = Release|Any CPU
		{26F2E4CE-2444-45C4-A1FA-1B1A86735A99}.AppStore|Any CPU.Build.0 = Release|Any CPU
		{26F2E4CE-2444-45C4-A1FA-1B1A86735A99}.AppStore|Any CPU.Deploy.0 = Release|Any CPU
		{26F2E4CE-2444-45C4-A1FA-1B1A86735A99}.AppStore|iPhone.ActiveCfg = Release|Any CPU
		{26F2E4CE-2444-45C4-A1FA-1B1A86735A99}.AppStore|iPhone.Build.0 = Release|Any CPU
		{26F2E4CE-2444-45C4-A1FA-1B1A86735A99}.AppStore|iPhone.Deploy.0 = Release|Any CPU
		{26F2E4CE-2444-45C4-A1FA-1B1A86735A99}.AppStore|iPhoneSimulator.ActiveCfg = Release|Any CPU
		{26F2E4CE-2444-45C4-A1FA-1B1A86735A99}.AppStore|iPhoneSimulator.Build.0 = Release|Any CPU
		{26F2E4CE-2444-45C4-A1FA-1B1A86735A99}.AppStore|iPhoneSimulator.Deploy.0 = Release|Any CPU
		{26F2E4CE-2444-45C4-A1FA-1B1A86735A99}.Debug|Any CPU.ActiveCfg = Debug|Any CPU
		{26F2E4CE-2444-45C4-A1FA-1B1A86735A99}.Debug|Any CPU.Build.0 = Debug|Any CPU
		{26F2E4CE-2444-45C4-A1FA-1B1A86735A99}.Debug|Any CPU.Deploy.0 = Debug|Any CPU
		{26F2E4CE-2444-45C4-A1FA-1B1A86735A99}.Debug|iPhone.ActiveCfg = Debug|Any CPU
		{26F2E4CE-2444-45C4-A1FA-1B1A86735A99}.Debug|iPhone.Build.0 = Debug|Any CPU
		{26F2E4CE-2444-45C4-A1FA-1B1A86735A99}.Debug|iPhone.Deploy.0 = Debug|Any CPU
		{26F2E4CE-2444-45C4-A1FA-1B1A86735A99}.Debug|iPhoneSimulator.ActiveCfg = Debug|Any CPU
		{26F2E4CE-2444-45C4-A1FA-1B1A86735A99}.Debug|iPhoneSimulator.Build.0 = Debug|Any CPU
		{26F2E4CE-2444-45C4-A1FA-1B1A86735A99}.Debug|iPhoneSimulator.Deploy.0 = Debug|Any CPU
		{26F2E4CE-2444-45C4-A1FA-1B1A86735A99}.Release|Any CPU.ActiveCfg = Release|Any CPU
		{26F2E4CE-2444-45C4-A1FA-1B1A86735A99}.Release|Any CPU.Build.0 = Release|Any CPU
		{26F2E4CE-2444-45C4-A1FA-1B1A86735A99}.Release|Any CPU.Deploy.0 = Release|Any CPU
		{26F2E4CE-2444-45C4-A1FA-1B1A86735A99}.Release|iPhone.ActiveCfg = Release|Any CPU
		{26F2E4CE-2444-45C4-A1FA-1B1A86735A99}.Release|iPhone.Build.0 = Release|Any CPU
		{26F2E4CE-2444-45C4-A1FA-1B1A86735A99}.Release|iPhone.Deploy.0 = Release|Any CPU
		{26F2E4CE-2444-45C4-A1FA-1B1A86735A99}.Release|iPhoneSimulator.ActiveCfg = Release|Any CPU
		{26F2E4CE-2444-45C4-A1FA-1B1A86735A99}.Release|iPhoneSimulator.Build.0 = Release|Any CPU
		{26F2E4CE-2444-45C4-A1FA-1B1A86735A99}.Release|iPhoneSimulator.Deploy.0 = Release|Any CPU
		{E8A66876-8B6D-42EB-8969-C6E3077EEBEA}.Ad-Hoc|Any CPU.ActiveCfg = Ad-Hoc|iPhone
		{E8A66876-8B6D-42EB-8969-C6E3077EEBEA}.Ad-Hoc|Any CPU.Build.0 = Ad-Hoc|iPhone
		{E8A66876-8B6D-42EB-8969-C6E3077EEBEA}.Ad-Hoc|Any CPU.Deploy.0 = Ad-Hoc|iPhone
		{E8A66876-8B6D-42EB-8969-C6E3077EEBEA}.Ad-Hoc|iPhone.ActiveCfg = Ad-Hoc|iPhone
		{E8A66876-8B6D-42EB-8969-C6E3077EEBEA}.Ad-Hoc|iPhone.Build.0 = Ad-Hoc|iPhone
		{E8A66876-8B6D-42EB-8969-C6E3077EEBEA}.Ad-Hoc|iPhone.Deploy.0 = Ad-Hoc|iPhone
		{E8A66876-8B6D-42EB-8969-C6E3077EEBEA}.Ad-Hoc|iPhoneSimulator.ActiveCfg = Ad-Hoc|iPhoneSimulator
		{E8A66876-8B6D-42EB-8969-C6E3077EEBEA}.Ad-Hoc|iPhoneSimulator.Build.0 = Ad-Hoc|iPhoneSimulator
		{E8A66876-8B6D-42EB-8969-C6E3077EEBEA}.Ad-Hoc|iPhoneSimulator.Deploy.0 = Ad-Hoc|iPhoneSimulator
		{E8A66876-8B6D-42EB-8969-C6E3077EEBEA}.AppStore|Any CPU.ActiveCfg = AppStore|iPhone
		{E8A66876-8B6D-42EB-8969-C6E3077EEBEA}.AppStore|Any CPU.Build.0 = AppStore|iPhone
		{E8A66876-8B6D-42EB-8969-C6E3077EEBEA}.AppStore|Any CPU.Deploy.0 = AppStore|iPhone
		{E8A66876-8B6D-42EB-8969-C6E3077EEBEA}.AppStore|iPhone.ActiveCfg = AppStore|iPhone
		{E8A66876-8B6D-42EB-8969-C6E3077EEBEA}.AppStore|iPhone.Build.0 = AppStore|iPhone
		{E8A66876-8B6D-42EB-8969-C6E3077EEBEA}.AppStore|iPhone.Deploy.0 = AppStore|iPhone
		{E8A66876-8B6D-42EB-8969-C6E3077EEBEA}.AppStore|iPhoneSimulator.ActiveCfg = AppStore|iPhoneSimulator
		{E8A66876-8B6D-42EB-8969-C6E3077EEBEA}.AppStore|iPhoneSimulator.Build.0 = AppStore|iPhoneSimulator
		{E8A66876-8B6D-42EB-8969-C6E3077EEBEA}.AppStore|iPhoneSimulator.Deploy.0 = AppStore|iPhoneSimulator
		{E8A66876-8B6D-42EB-8969-C6E3077EEBEA}.Debug|Any CPU.ActiveCfg = Debug|iPhoneSimulator
		{E8A66876-8B6D-42EB-8969-C6E3077EEBEA}.Debug|Any CPU.Build.0 = Debug|iPhoneSimulator
		{E8A66876-8B6D-42EB-8969-C6E3077EEBEA}.Debug|Any CPU.Deploy.0 = Debug|iPhoneSimulator
		{E8A66876-8B6D-42EB-8969-C6E3077EEBEA}.Debug|iPhone.ActiveCfg = Debug|iPhone
		{E8A66876-8B6D-42EB-8969-C6E3077EEBEA}.Debug|iPhone.Build.0 = Debug|iPhone
		{E8A66876-8B6D-42EB-8969-C6E3077EEBEA}.Debug|iPhone.Deploy.0 = Debug|iPhone
		{E8A66876-8B6D-42EB-8969-C6E3077EEBEA}.Debug|iPhoneSimulator.ActiveCfg = Debug|iPhoneSimulator
		{E8A66876-8B6D-42EB-8969-C6E3077EEBEA}.Debug|iPhoneSimulator.Build.0 = Debug|iPhoneSimulator
		{E8A66876-8B6D-42EB-8969-C6E3077EEBEA}.Debug|iPhoneSimulator.Deploy.0 = Debug|iPhoneSimulator
		{E8A66876-8B6D-42EB-8969-C6E3077EEBEA}.Release|Any CPU.ActiveCfg = Release|iPhone
		{E8A66876-8B6D-42EB-8969-C6E3077EEBEA}.Release|Any CPU.Build.0 = Release|iPhone
		{E8A66876-8B6D-42EB-8969-C6E3077EEBEA}.Release|Any CPU.Deploy.0 = Release|iPhone
		{E8A66876-8B6D-42EB-8969-C6E3077EEBEA}.Release|iPhone.ActiveCfg = Release|iPhone
		{E8A66876-8B6D-42EB-8969-C6E3077EEBEA}.Release|iPhone.Build.0 = Release|iPhone
		{E8A66876-8B6D-42EB-8969-C6E3077EEBEA}.Release|iPhone.Deploy.0 = Release|iPhone
		{E8A66876-8B6D-42EB-8969-C6E3077EEBEA}.Release|iPhoneSimulator.ActiveCfg = Release|iPhoneSimulator
		{E8A66876-8B6D-42EB-8969-C6E3077EEBEA}.Release|iPhoneSimulator.Build.0 = Release|iPhoneSimulator
		{E8A66876-8B6D-42EB-8969-C6E3077EEBEA}.Release|iPhoneSimulator.Deploy.0 = Release|iPhoneSimulator
		{F55F7C8D-28D1-4545-A046-828EF4A3FF7F}.Ad-Hoc|Any CPU.ActiveCfg = Debug|Any CPU
		{F55F7C8D-28D1-4545-A046-828EF4A3FF7F}.Ad-Hoc|Any CPU.Build.0 = Debug|Any CPU
		{F55F7C8D-28D1-4545-A046-828EF4A3FF7F}.Ad-Hoc|Any CPU.Deploy.0 = Debug|Any CPU
		{F55F7C8D-28D1-4545-A046-828EF4A3FF7F}.Ad-Hoc|iPhone.ActiveCfg = Debug|Any CPU
		{F55F7C8D-28D1-4545-A046-828EF4A3FF7F}.Ad-Hoc|iPhone.Build.0 = Debug|Any CPU
		{F55F7C8D-28D1-4545-A046-828EF4A3FF7F}.Ad-Hoc|iPhone.Deploy.0 = Debug|Any CPU
		{F55F7C8D-28D1-4545-A046-828EF4A3FF7F}.Ad-Hoc|iPhoneSimulator.ActiveCfg = Debug|Any CPU
		{F55F7C8D-28D1-4545-A046-828EF4A3FF7F}.Ad-Hoc|iPhoneSimulator.Build.0 = Debug|Any CPU
		{F55F7C8D-28D1-4545-A046-828EF4A3FF7F}.Ad-Hoc|iPhoneSimulator.Deploy.0 = Debug|Any CPU
		{F55F7C8D-28D1-4545-A046-828EF4A3FF7F}.AppStore|Any CPU.ActiveCfg = Debug|Any CPU
		{F55F7C8D-28D1-4545-A046-828EF4A3FF7F}.AppStore|Any CPU.Build.0 = Debug|Any CPU
		{F55F7C8D-28D1-4545-A046-828EF4A3FF7F}.AppStore|Any CPU.Deploy.0 = Debug|Any CPU
		{F55F7C8D-28D1-4545-A046-828EF4A3FF7F}.AppStore|iPhone.ActiveCfg = Debug|Any CPU
		{F55F7C8D-28D1-4545-A046-828EF4A3FF7F}.AppStore|iPhone.Build.0 = Debug|Any CPU
		{F55F7C8D-28D1-4545-A046-828EF4A3FF7F}.AppStore|iPhone.Deploy.0 = Debug|Any CPU
		{F55F7C8D-28D1-4545-A046-828EF4A3FF7F}.AppStore|iPhoneSimulator.ActiveCfg = Debug|Any CPU
		{F55F7C8D-28D1-4545-A046-828EF4A3FF7F}.AppStore|iPhoneSimulator.Build.0 = Debug|Any CPU
		{F55F7C8D-28D1-4545-A046-828EF4A3FF7F}.AppStore|iPhoneSimulator.Deploy.0 = Debug|Any CPU
		{F55F7C8D-28D1-4545-A046-828EF4A3FF7F}.Debug|Any CPU.ActiveCfg = Debug|Any CPU
		{F55F7C8D-28D1-4545-A046-828EF4A3FF7F}.Debug|Any CPU.Build.0 = Debug|Any CPU
		{F55F7C8D-28D1-4545-A046-828EF4A3FF7F}.Debug|Any CPU.Deploy.0 = Debug|Any CPU
		{F55F7C8D-28D1-4545-A046-828EF4A3FF7F}.Debug|iPhone.ActiveCfg = Debug|Any CPU
		{F55F7C8D-28D1-4545-A046-828EF4A3FF7F}.Debug|iPhone.Build.0 = Debug|Any CPU
		{F55F7C8D-28D1-4545-A046-828EF4A3FF7F}.Debug|iPhone.Deploy.0 = Debug|Any CPU
		{F55F7C8D-28D1-4545-A046-828EF4A3FF7F}.Debug|iPhoneSimulator.ActiveCfg = Debug|Any CPU
		{F55F7C8D-28D1-4545-A046-828EF4A3FF7F}.Debug|iPhoneSimulator.Build.0 = Debug|Any CPU
		{F55F7C8D-28D1-4545-A046-828EF4A3FF7F}.Debug|iPhoneSimulator.Deploy.0 = Debug|Any CPU
		{F55F7C8D-28D1-4545-A046-828EF4A3FF7F}.Release|Any CPU.ActiveCfg = Release|Any CPU
		{F55F7C8D-28D1-4545-A046-828EF4A3FF7F}.Release|Any CPU.Build.0 = Release|Any CPU
		{F55F7C8D-28D1-4545-A046-828EF4A3FF7F}.Release|Any CPU.Deploy.0 = Release|Any CPU
		{F55F7C8D-28D1-4545-A046-828EF4A3FF7F}.Release|iPhone.ActiveCfg = Release|Any CPU
		{F55F7C8D-28D1-4545-A046-828EF4A3FF7F}.Release|iPhone.Build.0 = Release|Any CPU
		{F55F7C8D-28D1-4545-A046-828EF4A3FF7F}.Release|iPhone.Deploy.0 = Release|Any CPU
		{F55F7C8D-28D1-4545-A046-828EF4A3FF7F}.Release|iPhoneSimulator.ActiveCfg = Release|Any CPU
		{F55F7C8D-28D1-4545-A046-828EF4A3FF7F}.Release|iPhoneSimulator.Build.0 = Release|Any CPU
		{F55F7C8D-28D1-4545-A046-828EF4A3FF7F}.Release|iPhoneSimulator.Deploy.0 = Release|Any CPU
	EndGlobalSection
	GlobalSection(SolutionProperties) = preSolution
		HideSolutionNode = FALSE
	EndGlobalSection
	GlobalSection(ExtensibilityGlobals) = postSolution
		SolutionGuid = {E30A6C4B-1F8B-4C9E-A1BA-8189DA1B83DB}
	EndGlobalSection
EndGlobal
